
Microsoft Visual Studio Solution File, Format Version 12.00
# Visual Studio Version 17
VisualStudioVersion = 17.0.31903.59
MinimumVisualStudioVersion = 10.0.40219.1
Project("{2150E333-8FDC-42A3-9474-1A3956D46DE8}") = "src", "src", "{EFB2E389-ED6D-4585-AF14-1CDF2F4A1CEF}"
EndProject
Project("{FAE04EC0-301F-11D3-BF4B-00C04F79EFBC}") = "EmployeesManager.API", "src\EmployeesManager.API\EmployeesManager.API.csproj", "{93B0DD5F-E034-4654-8076-AF9CED5F8A87}"
EndProject
Project("{2150E333-8FDC-42A3-9474-1A3956D46DE8}") = "Modules", "Modules", "{A6277EF2-9B69-4288-91C2-B072B4C95EC1}"
EndProject
Project("{2150E333-8FDC-42A3-9474-1A3956D46DE8}") = "Employees", "Employees", "{035D73A7-7157-4164-961A-8190430FE000}"
EndProject
Project("{FAE04EC0-301F-11D3-BF4B-00C04F79EFBC}") = "Modules.Employees.Application", "src\Modules\Employees\Modules.Employees.Application\Modules.Employees.Application.csproj", "{954676E8-2A77-4DB3-A19B-FE777ECA4B76}"
EndProject
Project("{FAE04EC0-301F-11D3-BF4B-00C04F79EFBC}") = "Modules.Employees.Domain", "src\Modules\Employees\Modules.Employees.Domain\Modules.Employees.Domain.csproj", "{40258221-F77A-4321-9CE3-E6CBFEEE9F0D}"
EndProject
Project("{FAE04EC0-301F-11D3-BF4B-00C04F79EFBC}") = "Modules.Employees.Infrastructure", "src\Modules\Employees\Modules.Employees.Infrastructure\Modules.Employees.Infrastructure.csproj", "{A291A4F0-A7B2-4DD4-846D-77677404E9A1}"
EndProject
Project("{2150E333-8FDC-42A3-9474-1A3956D46DE8}") = "Permissions", "Permissions", "{940A6C60-CB71-4817-99E6-45DC35BB7714}"
EndProject
Project("{FAE04EC0-301F-11D3-BF4B-00C04F79EFBC}") = "Modules.Permissions.Application", "src\Modules\Permissions\Modules.Permissions.Application\Modules.Permissions.Application.csproj", "{5BFB2FB2-845A-4C32-AE53-AF2F89E5CA39}"
EndProject
Project("{FAE04EC0-301F-11D3-BF4B-00C04F79EFBC}") = "Modules.Permissions.Domain", "src\Modules\Permissions\Modules.Permissions.Domain\Modules.Permissions.Domain.csproj", "{FF4EA1CF-DFAD-4D55-A8F0-FD04EFF44112}"
EndProject
Project("{FAE04EC0-301F-11D3-BF4B-00C04F79EFBC}") = "Modules.Permissions.Infrastructure", "src\Modules\Permissions\Modules.Permissions.Infrastructure\Modules.Permissions.Infrastructure.csproj", "{63C4313B-CB43-4D12-9DE7-4901CD03D4E3}"
EndProject
Project("{2150E333-8FDC-42A3-9474-1A3956D46DE8}") = "Roles", "Roles", "{BECF3491-AC12-4700-AF07-A617D36AC644}"
EndProject
Project("{FAE04EC0-301F-11D3-BF4B-00C04F79EFBC}") = "Modules.Roles.Application", "src\Modules\Roles\Modules.Roles.Application\Modules.Roles.Application.csproj", "{4E820727-AA10-4F44-87D1-ADE314DDE5B2}"
EndProject
Project("{FAE04EC0-301F-11D3-BF4B-00C04F79EFBC}") = "Modules.Roles.Domain", "src\Modules\Roles\Modules.Roles.Domain\Modules.Roles.Domain.csproj", "{B5225229-F6D3-4980-BB8C-2C133747D120}"
EndProject
Project("{FAE04EC0-301F-11D3-BF4B-00C04F79EFBC}") = "Modules.Roles.Infrastructure", "src\Modules\Roles\Modules.Roles.Infrastructure\Modules.Roles.Infrastructure.csproj", "{0A788643-14D7-4DC1-9CE2-97CF1C5C82C9}"
EndProject
Global
	GlobalSection(SolutionConfigurationPlatforms) = preSolution
		Debug|Any CPU = Debug|Any CPU
		Release|Any CPU = Release|Any CPU
	EndGlobalSection
	GlobalSection(SolutionProperties) = preSolution
		HideSolutionNode = FALSE
	EndGlobalSection
	GlobalSection(ProjectConfigurationPlatforms) = postSolution
		{93B0DD5F-E034-4654-8076-AF9CED5F8A87}.Debug|Any CPU.ActiveCfg = Debug|Any CPU
		{93B0DD5F-E034-4654-8076-AF9CED5F8A87}.Debug|Any CPU.Build.0 = Debug|Any CPU
		{93B0DD5F-E034-4654-8076-AF9CED5F8A87}.Release|Any CPU.ActiveCfg = Release|Any CPU
		{93B0DD5F-E034-4654-8076-AF9CED5F8A87}.Release|Any CPU.Build.0 = Release|Any CPU
		{954676E8-2A77-4DB3-A19B-FE777ECA4B76}.Debug|Any CPU.ActiveCfg = Debug|Any CPU
		{954676E8-2A77-4DB3-A19B-FE777ECA4B76}.Debug|Any CPU.Build.0 = Debug|Any CPU
		{954676E8-2A77-4DB3-A19B-FE777ECA4B76}.Release|Any CPU.ActiveCfg = Release|Any CPU
		{954676E8-2A77-4DB3-A19B-FE777ECA4B76}.Release|Any CPU.Build.0 = Release|Any CPU
		{40258221-F77A-4321-9CE3-E6CBFEEE9F0D}.Debug|Any CPU.ActiveCfg = Debug|Any CPU
		{40258221-F77A-4321-9CE3-E6CBFEEE9F0D}.Debug|Any CPU.Build.0 = Debug|Any CPU
		{40258221-F77A-4321-9CE3-E6CBFEEE9F0D}.Release|Any CPU.ActiveCfg = Release|Any CPU
		{40258221-F77A-4321-9CE3-E6CBFEEE9F0D}.Release|Any CPU.Build.0 = Release|Any CPU
		{A291A4F0-A7B2-4DD4-846D-77677404E9A1}.Debug|Any CPU.ActiveCfg = Debug|Any CPU
		{A291A4F0-A7B2-4DD4-846D-77677404E9A1}.Debug|Any CPU.Build.0 = Debug|Any CPU
		{A291A4F0-A7B2-4DD4-846D-77677404E9A1}.Release|Any CPU.ActiveCfg = Release|Any CPU
		{A291A4F0-A7B2-4DD4-846D-77677404E9A1}.Release|Any CPU.Build.0 = Release|Any CPU
		{5BFB2FB2-845A-4C32-AE53-AF2F89E5CA39}.Debug|Any CPU.ActiveCfg = Debug|Any CPU
		{5BFB2FB2-845A-4C32-AE53-AF2F89E5CA39}.Debug|Any CPU.Build.0 = Debug|Any CPU
		{5BFB2FB2-845A-4C32-AE53-AF2F89E5CA39}.Release|Any CPU.ActiveCfg = Release|Any CPU
		{5BFB2FB2-845A-4C32-AE53-AF2F89E5CA39}.Release|Any CPU.Build.0 = Release|Any CPU
		{FF4EA1CF-DFAD-4D55-A8F0-FD04EFF44112}.Debug|Any CPU.ActiveCfg = Debug|Any CPU
		{FF4EA1CF-DFAD-4D55-A8F0-FD04EFF44112}.Debug|Any CPU.Build.0 = Debug|Any CPU
		{FF4EA1CF-DFAD-4D55-A8F0-FD04EFF44112}.Release|Any CPU.ActiveCfg = Release|Any CPU
		{FF4EA1CF-DFAD-4D55-A8F0-FD04EFF44112}.Release|Any CPU.Build.0 = Release|Any CPU
		{63C4313B-CB43-4D12-9DE7-4901CD03D4E3}.Debug|Any CPU.ActiveCfg = Debug|Any CPU
		{63C4313B-CB43-4D12-9DE7-4901CD03D4E3}.Debug|Any CPU.Build.0 = Debug|Any CPU
		{63C4313B-CB43-4D12-9DE7-4901CD03D4E3}.Release|Any CPU.ActiveCfg = Release|Any CPU
		{63C4313B-CB43-4D12-9DE7-4901CD03D4E3}.Release|Any CPU.Build.0 = Release|Any CPU
		{4E820727-AA10-4F44-87D1-ADE314DDE5B2}.Debug|Any CPU.ActiveCfg = Debug|Any CPU
		{4E820727-AA10-4F44-87D1-ADE314DDE5B2}.Debug|Any CPU.Build.0 = Debug|Any CPU
		{4E820727-AA10-4F44-87D1-ADE314DDE5B2}.Release|Any CPU.ActiveCfg = Release|Any CPU
		{4E820727-AA10-4F44-87D1-ADE314DDE5B2}.Release|Any CPU.Build.0 = Release|Any CPU
		{B5225229-F6D3-4980-BB8C-2C133747D120}.Debug|Any CPU.ActiveCfg = Debug|Any CPU
		{B5225229-F6D3-4980-BB8C-2C133747D120}.Debug|Any CPU.Build.0 = Debug|Any CPU
		{B5225229-F6D3-4980-BB8C-2C133747D120}.Release|Any CPU.ActiveCfg = Release|Any CPU
		{B5225229-F6D3-4980-BB8C-2C133747D120}.Release|Any CPU.Build.0 = Release|Any CPU
		{0A788643-14D7-4DC1-9CE2-97CF1C5C82C9}.Debug|Any CPU.ActiveCfg = Debug|Any CPU
		{0A788643-14D7-4DC1-9CE2-97CF1C5C82C9}.Debug|Any CPU.Build.0 = Debug|Any CPU
		{0A788643-14D7-4DC1-9CE2-97CF1C5C82C9}.Release|Any CPU.ActiveCfg = Release|Any CPU
		{0A788643-14D7-4DC1-9CE2-97CF1C5C82C9}.Release|Any CPU.Build.0 = Release|Any CPU
	EndGlobalSection
	GlobalSection(NestedProjects) = preSolution
		{93B0DD5F-E034-4654-8076-AF9CED5F8A87} = {EFB2E389-ED6D-4585-AF14-1CDF2F4A1CEF}
		{A6277EF2-9B69-4288-91C2-B072B4C95EC1} = {EFB2E389-ED6D-4585-AF14-1CDF2F4A1CEF}
		{035D73A7-7157-4164-961A-8190430FE000} = {A6277EF2-9B69-4288-91C2-B072B4C95EC1}
		{954676E8-2A77-4DB3-A19B-FE777ECA4B76} = {035D73A7-7157-4164-961A-8190430FE000}
		{40258221-F77A-4321-9CE3-E6CBFEEE9F0D} = {035D73A7-7157-4164-961A-8190430FE000}
		{A291A4F0-A7B2-4DD4-846D-77677404E9A1} = {035D73A7-7157-4164-961A-8190430FE000}
		{940A6C60-CB71-4817-99E6-45DC35BB7714} = {A6277EF2-9B69-4288-91C2-B072B4C95EC1}
		{5BFB2FB2-845A-4C32-AE53-AF2F89E5CA39} = {940A6C60-CB71-4817-99E6-45DC35BB7714}
		{FF4EA1CF-DFAD-4D55-A8F0-FD04EFF44112} = {940A6C60-CB71-4817-99E6-45DC35BB7714}
		{63C4313B-CB43-4D12-9DE7-4901CD03D4E3} = {940A6C60-CB71-4817-99E6-45DC35BB7714}
		{BECF3491-AC12-4700-AF07-A617D36AC644} = {A6277EF2-9B69-4288-91C2-B072B4C95EC1}
		{4E820727-AA10-4F44-87D1-ADE314DDE5B2} = {BECF3491-AC12-4700-AF07-A617D36AC644}
		{B5225229-F6D3-4980-BB8C-2C133747D120} = {BECF3491-AC12-4700-AF07-A617D36AC644}
		{0A788643-14D7-4DC1-9CE2-97CF1C5C82C9} = {BECF3491-AC12-4700-AF07-A617D36AC644}
	EndGlobalSection
EndGlobal
